
Microsoft Visual Studio Solution File, Format Version 12.00
# Visual Studio Version 16
VisualStudioVersion = 16.0.29519.87
MinimumVisualStudioVersion = 10.0.40219.1
Project("{FAE04EC0-301F-11D3-BF4B-00C04F79EFBC}") = "Homework4_2", "Homework4_2.csproj", "{A10E678A-E360-4273-9B3B-7BDA8E27A60E}"
EndProject
Global
	GlobalSection(SolutionConfigurationPlatforms) = preSolution
		Debug|Any CPU = Debug|Any CPU
		Release|Any CPU = Release|Any CPU
	EndGlobalSection
	GlobalSection(ProjectConfigurationPlatforms) = postSolution
		{A10E678A-E360-4273-9B3B-7BDA8E27A60E}.Debug|Any CPU.ActiveCfg = Debug|Any CPU
		{A10E678A-E360-4273-9B3B-7BDA8E27A60E}.Debug|Any CPU.Build.0 = Debug|Any CPU
		{A10E678A-E360-4273-9B3B-7BDA8E27A60E}.Release|Any CPU.ActiveCfg = Release|Any CPU
		{A10E678A-E360-4273-9B3B-7BDA8E27A60E}.Release|Any CPU.Build.0 = Release|Any CPU
	EndGlobalSection
	GlobalSection(SolutionProperties) = preSolution
		HideSolutionNode = FALSE
	EndGlobalSection
	GlobalSection(ExtensibilityGlobals) = postSolution
		SolutionGuid = {62868B08-B098-4813-BC22-A9107678FFEC}
	EndGlobalSection
EndGlobal
