
Microsoft Visual Studio Solution File, Format Version 12.00
# Visual Studio Version 16
VisualStudioVersion = 16.0.29519.87
MinimumVisualStudioVersion = 10.0.40219.1
Project("{9A19103F-16F7-4668-BE54-9A1E7A4F7556}") = "Homework_5", "Homework_5.csproj", "{81344B9F-2E3D-48B6-8D33-060F225BC2DC}"
EndProject
Project("{FAE04EC0-301F-11D3-BF4B-00C04F79EFBC}") = "Homework_5Tests", "..\Homework_5Tests\Homework_5Tests.csproj", "{6B0188DB-6964-42BD-B98C-91565BB1086A}"
EndProject
Global
	GlobalSection(SolutionConfigurationPlatforms) = preSolution
		Debug|Any CPU = Debug|Any CPU
		Release|Any CPU = Release|Any CPU
	EndGlobalSection
	GlobalSection(ProjectConfigurationPlatforms) = postSolution
		{81344B9F-2E3D-48B6-8D33-060F225BC2DC}.Debug|Any CPU.ActiveCfg = Debug|Any CPU
		{81344B9F-2E3D-48B6-8D33-060F225BC2DC}.Debug|Any CPU.Build.0 = Debug|Any CPU
		{81344B9F-2E3D-48B6-8D33-060F225BC2DC}.Release|Any CPU.ActiveCfg = Release|Any CPU
		{81344B9F-2E3D-48B6-8D33-060F225BC2DC}.Release|Any CPU.Build.0 = Release|Any CPU
		{6B0188DB-6964-42BD-B98C-91565BB1086A}.Debug|Any CPU.ActiveCfg = Debug|Any CPU
		{6B0188DB-6964-42BD-B98C-91565BB1086A}.Debug|Any CPU.Build.0 = Debug|Any CPU
		{6B0188DB-6964-42BD-B98C-91565BB1086A}.Release|Any CPU.ActiveCfg = Release|Any CPU
		{6B0188DB-6964-42BD-B98C-91565BB1086A}.Release|Any CPU.Build.0 = Release|Any CPU
	EndGlobalSection
	GlobalSection(SolutionProperties) = preSolution
		HideSolutionNode = FALSE
	EndGlobalSection
	GlobalSection(ExtensibilityGlobals) = postSolution
		SolutionGuid = {E1CE5FCB-FF76-4E64-93CD-9EA51443B6F9}
	EndGlobalSection
EndGlobal
