
Microsoft Visual Studio Solution File, Format Version 12.00
# Visual Studio Version 16
VisualStudioVersion = 16.0.29519.87
MinimumVisualStudioVersion = 10.0.40219.1
Project("{FAE04EC0-301F-11D3-BF4B-00C04F79EFBC}") = "Calculator", "Calculator.csproj", "{DFA3C746-E882-4050-B571-137792B152A0}"
EndProject
Global
	GlobalSection(SolutionConfigurationPlatforms) = preSolution
		Debug|Any CPU = Debug|Any CPU
		Release|Any CPU = Release|Any CPU
	EndGlobalSection
	GlobalSection(ProjectConfigurationPlatforms) = postSolution
		{DFA3C746-E882-4050-B571-137792B152A0}.Debug|Any CPU.ActiveCfg = Debug|Any CPU
		{DFA3C746-E882-4050-B571-137792B152A0}.Debug|Any CPU.Build.0 = Debug|Any CPU
		{DFA3C746-E882-4050-B571-137792B152A0}.Release|Any CPU.ActiveCfg = Release|Any CPU
		{DFA3C746-E882-4050-B571-137792B152A0}.Release|Any CPU.Build.0 = Release|Any CPU
	EndGlobalSection
	GlobalSection(SolutionProperties) = preSolution
		HideSolutionNode = FALSE
	EndGlobalSection
	GlobalSection(ExtensibilityGlobals) = postSolution
		SolutionGuid = {B5A2ACE8-C2B0-4E59-B0C0-E17683D467FC}
	EndGlobalSection
EndGlobal
