
Microsoft Visual Studio Solution File, Format Version 12.00
# Visual Studio Version 16
VisualStudioVersion = 16.0.29519.87
MinimumVisualStudioVersion = 10.0.40219.1
Project("{FAE04EC0-301F-11D3-BF4B-00C04F79EFBC}") = "Order_Console", "Order_Console.csproj", "{10315923-FBFB-4779-9600-9C847825947E}"
EndProject
Project("{FAE04EC0-301F-11D3-BF4B-00C04F79EFBC}") = "Order_Winform", "..\..\Order_Winform\Order_Winform.csproj", "{E349D3EB-27F5-4CDF-8D75-6552A676BDA1}"
EndProject
Global
	GlobalSection(SolutionConfigurationPlatforms) = preSolution
		Debug|Any CPU = Debug|Any CPU
		Release|Any CPU = Release|Any CPU
	EndGlobalSection
	GlobalSection(ProjectConfigurationPlatforms) = postSolution
		{10315923-FBFB-4779-9600-9C847825947E}.Debug|Any CPU.ActiveCfg = Debug|Any CPU
		{10315923-FBFB-4779-9600-9C847825947E}.Debug|Any CPU.Build.0 = Debug|Any CPU
		{10315923-FBFB-4779-9600-9C847825947E}.Release|Any CPU.ActiveCfg = Release|Any CPU
		{10315923-FBFB-4779-9600-9C847825947E}.Release|Any CPU.Build.0 = Release|Any CPU
		{E349D3EB-27F5-4CDF-8D75-6552A676BDA1}.Debug|Any CPU.ActiveCfg = Debug|Any CPU
		{E349D3EB-27F5-4CDF-8D75-6552A676BDA1}.Debug|Any CPU.Build.0 = Debug|Any CPU
		{E349D3EB-27F5-4CDF-8D75-6552A676BDA1}.Release|Any CPU.ActiveCfg = Release|Any CPU
		{E349D3EB-27F5-4CDF-8D75-6552A676BDA1}.Release|Any CPU.Build.0 = Release|Any CPU
	EndGlobalSection
	GlobalSection(SolutionProperties) = preSolution
		HideSolutionNode = FALSE
	EndGlobalSection
	GlobalSection(ExtensibilityGlobals) = postSolution
		SolutionGuid = {E6F09AC6-840D-4839-B8F6-A298347E1AC8}
	EndGlobalSection
EndGlobal
